schema: '2.0'
stages:
  data_ingestion:
    cmd: python src\data\data_ingestion.py
    deps:
    - path: src\data\data_ingestion.py
      hash: md5
      md5: fb3bf437e20ca45e79d3e4a119a5fd05
      size: 1181
    outs:
    - path: data\raw\test.csv
      hash: md5
      md5: 35b06980c6e00772e6bf783ae10ab9b7
      size: 164174
    - path: data\raw\train.csv
      hash: md5
      md5: a2aa88dfae8af3dc60e6e24a09304f4e
      size: 663799
  data_preprocessing:
    cmd: python src\data\data_preprocessing.py
    deps:
    - path: data\raw\test.csv
      hash: md5
      md5: 35b06980c6e00772e6bf783ae10ab9b7
      size: 164174
    - path: data\raw\train.csv
      hash: md5
      md5: a2aa88dfae8af3dc60e6e24a09304f4e
      size: 663799
    - path: src\data\data_preprocessing.py
      hash: md5
      md5: 893ecd4fba03034f91928a586d2622c9
      size: 3160
    outs:
    - path: data\processed\test.csv
      hash: md5
      md5: 870497ce96052cddf73c1a13036432ef
      size: 112656
    - path: data\processed\train.csv
      hash: md5
      md5: 637f3709b44460480d998aff20ae7a5e
      size: 453554
  feature_engg:
    cmd: python src\features\feature_engg.py
    deps:
    - path: data\processed\test.csv
      hash: md5
      md5: 870497ce96052cddf73c1a13036432ef
      size: 112656
    - path: data\processed\train.csv
      hash: md5
      md5: 637f3709b44460480d998aff20ae7a5e
      size: 453554
    - path: src\features\feature_engg.py
      hash: md5
      md5: 131b81acb3c3b117b8421caab0559d21
      size: 1311
    outs:
    - path: data\interim\test_bow.csv
      hash: md5
      md5: 1cd6432e271fc23daf6edd851ab5594a
      size: 59114851
    - path: data\interim\train_bow.csv
      hash: md5
      md5: c03a4e244f79f4344abe075c871c30a7
      size: 236293459
  modelling:
    cmd: python src\models\modelling.py
    deps:
    - path: data\interim\train_bow.csv
      hash: md5
      md5: c03a4e244f79f4344abe075c871c30a7
      size: 236293459
    - path: src\models\modelling.py
      hash: md5
      md5: 1d7a85fcf6f1a7cff03703a3f00e37e2
      size: 428
    outs:
    - path: models\random_forest_model.pkl
      hash: md5
      md5: 168ba99528a2d8de18ea3b8dcf9e8edd
      size: 55583873
  model_evaluation:
    cmd: python src\models\model_evaluation.py
    deps:
    - path: data\interim\test_bow.csv
      hash: md5
      md5: 1cd6432e271fc23daf6edd851ab5594a
      size: 59114851
    - path: models\random_forest_model.pkl
      hash: md5
      md5: 168ba99528a2d8de18ea3b8dcf9e8edd
      size: 55583873
    - path: src\models\model_evaluation.py
      hash: md5
      md5: 515869be80238de42f1442adf8e4eaed
      size: 732
    outs:
    - path: reports\evaluation_metrics.json
      hash: md5
      md5: 3fa3871d598e44538c866060f29cff57
      size: 149
